// !$*UTF8*$!
{
	archiveVersion = 1;
	classes = {
	};
	objectVersion = 46;
	objects = {

/* Begin PBXBuildFile section */
		3F7DF6531EAE9D6C006CBE9D /* AppDelegate.swift in Sources */ = {isa = PBXBuildFile; fileRef = 3F7DF6521EAE9D6C006CBE9D /* AppDelegate.swift */; };
		3F7DF6551EAE9D6C006CBE9D /* ViewController.swift in Sources */ = {isa = PBXBuildFile; fileRef = 3F7DF6541EAE9D6C006CBE9D /* ViewController.swift */; };
		3F7DF6581EAE9D6C006CBE9D /* Main.storyboard in Resources */ = {isa = PBXBuildFile; fileRef = 3F7DF6561EAE9D6C006CBE9D /* Main.storyboard */; };
		3F7DF65A1EAE9D6C006CBE9D /* Assets.xcassets in Resources */ = {isa = PBXBuildFile; fileRef = 3F7DF6591EAE9D6C006CBE9D /* Assets.xcassets */; };
		3F7DF65D1EAE9D6C006CBE9D /* LaunchScreen.storyboard in Resources */ = {isa = PBXBuildFile; fileRef = 3F7DF65B1EAE9D6C006CBE9D /* LaunchScreen.storyboard */; };
		3F7DF6681EAE9D6C006CBE9D /* registrationTests.swift in Sources */ = {isa = PBXBuildFile; fileRef = 3F7DF6671EAE9D6C006CBE9D /* registrationTests.swift */; };
		3F7DF6731EAE9D6C006CBE9D /* registrationUITests.swift in Sources */ = {isa = PBXBuildFile; fileRef = 3F7DF6721EAE9D6C006CBE9D /* registrationUITests.swift */; };
/* End PBXBuildFile section */

/* Begin PBXContainerItemProxy section */
		3F7DF6641EAE9D6C006CBE9D /* PBXContainerItemProxy */ = {
			isa = PBXContainerItemProxy;
			containerPortal = 3F7DF6471EAE9D6C006CBE9D /* Project object */;
			proxyType = 1;
			remoteGlobalIDString = 3F7DF64E1EAE9D6C006CBE9D;
			remoteInfo = registration;
		};
		3F7DF66F1EAE9D6C006CBE9D /* PBXContainerItemProxy */ = {
			isa = PBXContainerItemProxy;
			containerPortal = 3F7DF6471EAE9D6C006CBE9D /* Project object */;
			proxyType = 1;
			remoteGlobalIDString = 3F7DF64E1EAE9D6C006CBE9D;
			remoteInfo = registration;
		};
/* End PBXContainerItemProxy section */

/* Begin PBXFileReference section */
		3F7DF64F1EAE9D6C006CBE9D /* registration.app */ = {isa = PBXFileReference; explicitFileType = wrapper.application; includeInIndex = 0; path = registration.app; sourceTree = BUILT_PRODUCTS_DIR; };
		3F7DF6521EAE9D6C006CBE9D /* AppDelegate.swift */ = {isa = PBXFileReference; lastKnownFileType = sourcecode.swift; path = AppDelegate.swift; sourceTree = "<group>"; };
		3F7DF6541EAE9D6C006CBE9D /* ViewController.swift */ = {isa = PBXFileReference; lastKnownFileType = sourcecode.swift; path = ViewController.swift; sourceTree = "<group>"; };
		3F7DF6571EAE9D6C006CBE9D /* Base */ = {isa = PBXFileReference; lastKnownFileType = file.storyboard; name = Base; path = Base.lproj/Main.storyboard; sourceTree = "<group>"; };
		3F7DF6591EAE9D6C006CBE9D /* Assets.xcassets */ = {isa = PBXFileReference; lastKnownFileType = folder.assetcatalog; path = Assets.xcassets; sourceTree = "<group>"; };
		3F7DF65C1EAE9D6C006CBE9D /* Base */ = {isa = PBXFileReference; lastKnownFileType = file.storyboard; name = Base; path = Base.lproj/LaunchScreen.storyboard; sourceTree = "<group>"; };
		3F7DF65E1EAE9D6C006CBE9D /* Info.plist */ = {isa = PBXFileReference; lastKnownFileType = text.plist.xml; path = Info.plist; sourceTree = "<group>"; };
		3F7DF6631EAE9D6C006CBE9D /* registrationTests.xctest */ = {isa = PBXFileReference; explicitFileType = wrapper.cfbundle; includeInIndex = 0; path = registrationTests.xctest; sourceTree = BUILT_PRODUCTS_DIR; };
		3F7DF6671EAE9D6C006CBE9D /* registrationTests.swift */ = {isa = PBXFileReference; lastKnownFileType = sourcecode.swift; path = registrationTests.swift; sourceTree = "<group>"; };
		3F7DF6691EAE9D6C006CBE9D /* Info.plist */ = {isa = PBXFileReference; lastKnownFileType = text.plist.xml; path = Info.plist; sourceTree = "<group>"; };
		3F7DF66E1EAE9D6C006CBE9D /* registrationUITests.xctest */ = {isa = PBXFileReference; explicitFileType = wrapper.cfbundle; includeInIndex = 0; path = registrationUITests.xctest; sourceTree = BUILT_PRODUCTS_DIR; };
		3F7DF6721EAE9D6C006CBE9D /* registrationUITests.swift */ = {isa = PBXFileReference; lastKnownFileType = sourcecode.swift; path = registrationUITests.swift; sourceTree = "<group>"; };
		3F7DF6741EAE9D6C006CBE9D /* Info.plist */ = {isa = PBXFileReference; lastKnownFileType = text.plist.xml; path = Info.plist; sourceTree = "<group>"; };
/* End PBXFileReference section */

/* Begin PBXFrameworksBuildPhase section */
		3F7DF64C1EAE9D6C006CBE9D /* Frameworks */ = {
			isa = PBXFrameworksBuildPhase;
			buildActionMask = 2147483647;
			files = (
			);
			runOnlyForDeploymentPostprocessing = 0;
		};
		3F7DF6601EAE9D6C006CBE9D /* Frameworks */ = {
			isa = PBXFrameworksBuildPhase;
			buildActionMask = 2147483647;
			files = (
			);
			runOnlyForDeploymentPostprocessing = 0;
		};
		3F7DF66B1EAE9D6C006CBE9D /* Frameworks */ = {
			isa = PBXFrameworksBuildPhase;
			buildActionMask = 2147483647;
			files = (
			);
			runOnlyForDeploymentPostprocessing = 0;
		};
/* End PBXFrameworksBuildPhase section */

/* Begin PBXGroup section */
		3F7DF6461EAE9D6C006CBE9D = {
			isa = PBXGroup;
			children = (
				3F7DF6511EAE9D6C006CBE9D /* registration */,
				3F7DF6661EAE9D6C006CBE9D /* registrationTests */,
				3F7DF6711EAE9D6C006CBE9D /* registrationUITests */,
				3F7DF6501EAE9D6C006CBE9D /* Products */,
			);
			sourceTree = "<group>";
		};
		3F7DF6501EAE9D6C006CBE9D /* Products */ = {
			isa = PBXGroup;
			children = (
				3F7DF64F1EAE9D6C006CBE9D /* registration.app */,
				3F7DF6631EAE9D6C006CBE9D /* registrationTests.xctest */,
				3F7DF66E1EAE9D6C006CBE9D /* registrationUITests.xctest */,
			);
			name = Products;
			sourceTree = "<group>";
		};
		3F7DF6511EAE9D6C006CBE9D /* registration */ = {
			isa = PBXGroup;
			children = (
				3F7DF6521EAE9D6C006CBE9D /* AppDelegate.swift */,
				3F7DF6541EAE9D6C006CBE9D /* ViewController.swift */,
				3F7DF6561EAE9D6C006CBE9D /* Main.storyboard */,
				3F7DF6591EAE9D6C006CBE9D /* Assets.xcassets */,
				3F7DF65B1EAE9D6C006CBE9D /* LaunchScreen.storyboard */,
				3F7DF65E1EAE9D6C006CBE9D /* Info.plist */,
			);
			path = registration;
			sourceTree = "<group>";
		};
		3F7DF6661EAE9D6C006CBE9D /* registrationTests */ = {
			isa = PBXGroup;
			children = (
				3F7DF6671EAE9D6C006CBE9D /* registrationTests.swift */,
				3F7DF6691EAE9D6C006CBE9D /* Info.plist */,
			);
			path = registrationTests;
			sourceTree = "<group>";
		};
		3F7DF6711EAE9D6C006CBE9D /* registrationUITests */ = {
			isa = PBXGroup;
			children = (
				3F7DF6721EAE9D6C006CBE9D /* registrationUITests.swift */,
				3F7DF6741EAE9D6C006CBE9D /* Info.plist */,
			);
			path = registrationUITests;
			sourceTree = "<group>";
		};
/* End PBXGroup section */

/* Begin PBXNativeTarget section */
		3F7DF64E1EAE9D6C006CBE9D /* registration */ = {
			isa = PBXNativeTarget;
			buildConfigurationList = 3F7DF6771EAE9D6C006CBE9D /* Build configuration list for PBXNativeTarget "registration" */;
			buildPhases = (
				3F7DF64B1EAE9D6C006CBE9D /* Sources */,
				3F7DF64C1EAE9D6C006CBE9D /* Frameworks */,
				3F7DF64D1EAE9D6C006CBE9D /* Resources */,
			);
			buildRules = (
			);
			dependencies = (
			);
			name = registration;
			productName = registration;
			productReference = 3F7DF64F1EAE9D6C006CBE9D /* registration.app */;
			productType = "com.apple.product-type.application";
		};
		3F7DF6621EAE9D6C006CBE9D /* registrationTests */ = {
			isa = PBXNativeTarget;
			buildConfigurationList = 3F7DF67A1EAE9D6C006CBE9D /* Build configuration list for PBXNativeTarget "registrationTests" */;
			buildPhases = (
				3F7DF65F1EAE9D6C006CBE9D /* Sources */,
				3F7DF6601EAE9D6C006CBE9D /* Frameworks */,
				3F7DF6611EAE9D6C006CBE9D /* Resources */,
			);
			buildRules = (
			);
			dependencies = (
				3F7DF6651EAE9D6C006CBE9D /* PBXTargetDependency */,
			);
			name = registrationTests;
			productName = registrationTests;
			productReference = 3F7DF6631EAE9D6C006CBE9D /* registrationTests.xctest */;
			productType = "com.apple.product-type.bundle.unit-test";
		};
		3F7DF66D1EAE9D6C006CBE9D /* registrationUITests */ = {
			isa = PBXNativeTarget;
			buildConfigurationList = 3F7DF67D1EAE9D6C006CBE9D /* Build configuration list for PBXNativeTarget "registrationUITests" */;
			buildPhases = (
				3F7DF66A1EAE9D6C006CBE9D /* Sources */,
				3F7DF66B1EAE9D6C006CBE9D /* Frameworks */,
				3F7DF66C1EAE9D6C006CBE9D /* Resources */,
			);
			buildRules = (
			);
			dependencies = (
				3F7DF6701EAE9D6C006CBE9D /* PBXTargetDependency */,
			);
			name = registrationUITests;
			productName = registrationUITests;
			productReference = 3F7DF66E1EAE9D6C006CBE9D /* registrationUITests.xctest */;
			productType = "com.apple.product-type.bundle.ui-testing";
		};
/* End PBXNativeTarget section */

/* Begin PBXProject section */
		3F7DF6471EAE9D6C006CBE9D /* Project object */ = {
			isa = PBXProject;
			attributes = {
				LastSwiftUpdateCheck = 0820;
				LastUpgradeCheck = 0820;
				ORGANIZATIONNAME = cs470;
				TargetAttributes = {
					3F7DF64E1EAE9D6C006CBE9D = {
						CreatedOnToolsVersion = 8.2.1;
						ProvisioningStyle = Automatic;
					};
					3F7DF6621EAE9D6C006CBE9D = {
						CreatedOnToolsVersion = 8.2.1;
						ProvisioningStyle = Automatic;
						TestTargetID = 3F7DF64E1EAE9D6C006CBE9D;
					};
					3F7DF66D1EAE9D6C006CBE9D = {
						CreatedOnToolsVersion = 8.2.1;
						ProvisioningStyle = Automatic;
						TestTargetID = 3F7DF64E1EAE9D6C006CBE9D;
					};
				};
			};
			buildConfigurationList = 3F7DF64A1EAE9D6C006CBE9D /* Build configuration list for PBXProject "registration" */;
			compatibilityVersion = "Xcode 3.2";
			developmentRegion = English;
			hasScannedForEncodings = 0;
			knownRegions = (
				en,
				Base,
			);
			mainGroup = 3F7DF6461EAE9D6C006CBE9D;
			productRefGroup = 3F7DF6501EAE9D6C006CBE9D /* Products */;
			projectDirPath = "";
			projectRoot = "";
			targets = (
				3F7DF64E1EAE9D6C006CBE9D /* registration */,
				3F7DF6621EAE9D6C006CBE9D /* registrationTests */,
				3F7DF66D1EAE9D6C006CBE9D /* registrationUITests */,
			);
		};
/* End PBXProject section */

/* Begin PBXResourcesBuildPhase section */
		3F7DF64D1EAE9D6C006CBE9D /* Resources */ = {
			isa = PBXResourcesBuildPhase;
			buildActionMask = 2147483647;
			files = (
				3F7DF65D1EAE9D6C006CBE9D /* LaunchScreen.storyboard in Resources */,
				3F7DF65A1EAE9D6C006CBE9D /* Assets.xcassets in Resources */,
				3F7DF6581EAE9D6C006CBE9D /* Main.storyboard in Resources */,
			);
			runOnlyForDeploymentPostprocessing = 0;
		};
		3F7DF6611EAE9D6C006CBE9D /* Resources */ = {
			isa = PBXResourcesBuildPhase;
			buildActionMask = 2147483647;
			files = (
			);
			runOnlyForDeploymentPostprocessing = 0;
		};
		3F7DF66C1EAE9D6C006CBE9D /* Resources */ = {
			isa = PBXResourcesBuildPhase;
			buildActionMask = 2147483647;
			files = (
			);
			runOnlyForDeploymentPostprocessing = 0;
		};
/* End PBXResourcesBuildPhase section */

/* Begin PBXSourcesBuildPhase section */
		3F7DF64B1EAE9D6C006CBE9D /* Sources */ = {
			isa = PBXSourcesBuildPhase;
			buildActionMask = 2147483647;
			files = (
				3F7DF6551EAE9D6C006CBE9D /* ViewController.swift in Sources */,
				3F7DF6531EAE9D6C006CBE9D /* AppDelegate.swift in Sources */,
			);
			runOnlyForDeploymentPostprocessing = 0;
		};
		3F7DF65F1EAE9D6C006CBE9D /* Sources */ = {
			isa = PBXSourcesBuildPhase;
			buildActionMask = 2147483647;
			files = (
				3F7DF6681EAE9D6C006CBE9D /* registrationTests.swift in Sources */,
			);
			runOnlyForDeploymentPostprocessing = 0;
		};
		3F7DF66A1EAE9D6C006CBE9D /* Sources */ = {
			isa = PBXSourcesBuildPhase;
			buildActionMask = 2147483647;
			files = (
				3F7DF6731EAE9D6C006CBE9D /* registrationUITests.swift in Sources */,
			);
			runOnlyForDeploymentPostprocessing = 0;
		};
/* End PBXSourcesBuildPhase section */

/* Begin PBXTargetDependency section */
		3F7DF6651EAE9D6C006CBE9D /* PBXTargetDependency */ = {
			isa = PBXTargetDependency;
			target = 3F7DF64E1EAE9D6C006CBE9D /* registration */;
			targetProxy = 3F7DF6641EAE9D6C006CBE9D /* PBXContainerItemProxy */;
		};
		3F7DF6701EAE9D6C006CBE9D /* PBXTargetDependency */ = {
			isa = PBXTargetDependency;
			target = 3F7DF64E1EAE9D6C006CBE9D /* registration */;
			targetProxy = 3F7DF66F1EAE9D6C006CBE9D /* PBXContainerItemProxy */;
		};
/* End PBXTargetDependency section */

/* Begin PBXVariantGroup section */
		3F7DF6561EAE9D6C006CBE9D /* Main.storyboard */ = {
			isa = PBXVariantGroup;
			children = (
				3F7DF6571EAE9D6C006CBE9D /* Base */,
			);
			name = Main.storyboard;
			sourceTree = "<group>";
		};
		3F7DF65B1EAE9D6C006CBE9D /* LaunchScreen.storyboard */ = {
			isa = PBXVariantGroup;
			children = (
				3F7DF65C1EAE9D6C006CBE9D /* Base */,
			);
			name = LaunchScreen.storyboard;
			sourceTree = "<group>";
		};
/* End PBXVariantGroup section */

/* Begin XCBuildConfiguration section */
		3F7DF6751EAE9D6C006CBE9D /* Debug */ = {
			isa = XCBuildConfiguration;
			buildSettings = {
				ALWAYS_SEARCH_USER_PATHS = NO;
				CLANG_ANALYZER_NONNULL = YES;
				CLANG_CXX_LANGUAGE_STANDARD = "gnu++0x";
				CLANG_CXX_LIBRARY = "libc++";
				CLANG_ENABLE_MODULES = YES;
				CLANG_ENABLE_OBJC_ARC = YES;
				CLANG_WARN_BOOL_CONVERSION = YES;
				CLANG_WARN_CONSTANT_CONVERSION = YES;
				CLANG_WARN_DIRECT_OBJC_ISA_USAGE = YES_ERROR;
				CLANG_WARN_DOCUMENTATION_COMMENTS = YES;
				CLANG_WARN_EMPTY_BODY = YES;
				CLANG_WARN_ENUM_CONVERSION = YES;
				CLANG_WARN_INFINITE_RECURSION = YES;
				CLANG_WARN_INT_CONVERSION = YES;
				CLANG_WARN_OBJC_ROOT_CLASS = YES_ERROR;
				CLANG_WARN_SUSPICIOUS_MOVE = YES;
				CLANG_WARN_UNREACHABLE_CODE = YES;
				CLANG_WARN__DUPLICATE_METHOD_MATCH = YES;
				"CODE_SIGN_IDENTITY[sdk=iphoneos*]" = "iPhone Developer";
				COPY_PHASE_STRIP = NO;
				DEBUG_INFORMATION_FORMAT = dwarf;
				ENABLE_STRICT_OBJC_MSGSEND = YES;
				ENABLE_TESTABILITY = YES;
				GCC_C_LANGUAGE_STANDARD = gnu99;
				GCC_DYNAMIC_NO_PIC = NO;
				GCC_NO_COMMON_BLOCKS = YES;
				GCC_OPTIMIZATION_LEVEL = 0;
				GCC_PREPROCESSOR_DEFINITIONS = (
					"DEBUG=1",
					"$(inherited)",
				);
				GCC_WARN_64_TO_32_BIT_CONVERSION = YES;
				GCC_WARN_ABOUT_RETURN_TYPE = YES_ERROR;
				GCC_WARN_UNDECLARED_SELECTOR = YES;
				GCC_WARN_UNINITIALIZED_AUTOS = YES_AGGRESSIVE;
				GCC_WARN_UNUSED_FUNCTION = YES;
				GCC_WARN_UNUSED_VARIABLE = YES;
				IPHONEOS_DEPLOYMENT_TARGET = 10.2;
				MTL_ENABLE_DEBUG_INFO = YES;
				ONLY_ACTIVE_ARCH = YES;
				SDKROOT = iphoneos;
				SWIFT_ACTIVE_COMPILATION_CONDITIONS = DEBUG;
				SWIFT_OPTIMIZATION_LEVEL = "-Onone";
				TARGETED_DEVICE_FAMILY = "1,2";
			};
			name = Debug;
		};
		3F7DF6761EAE9D6C006CBE9D /* Release */ = {
			isa = XCBuildConfiguration;
			buildSettings = {
				ALWAYS_SEARCH_USER_PATHS = NO;
				CLANG_ANALYZER_NONNULL = YES;
				CLANG_CXX_LANGUAGE_STANDARD = "gnu++0x";
				CLANG_CXX_LIBRARY = "libc++";
				CLANG_ENABLE_MODULES = YES;
				CLANG_ENABLE_OBJC_ARC = YES;
				CLANG_WARN_BOOL_CONVERSION = YES;
				CLANG_WARN_CONSTANT_CONVERSION = YES;
				CLANG_WARN_DIRECT_OBJC_ISA_USAGE = YES_ERROR;
				CLANG_WARN_DOCUMENTATION_COMMENTS = YES;
				CLANG_WARN_EMPTY_BODY = YES;
				CLANG_WARN_ENUM_CONVERSION = YES;
				CLANG_WARN_INFINITE_RECURSION = YES;
				CLANG_WARN_INT_CONVERSION = YES;
				CLANG_WARN_OBJC_ROOT_CLASS = YES_ERROR;
				CLANG_WARN_SUSPICIOUS_MOVE = YES;
				CLANG_WARN_UNREACHABLE_CODE = YES;
				CLANG_WARN__DUPLICATE_METHOD_MATCH = YES;
				"CODE_SIGN_IDENTITY[sdk=iphoneos*]" = "iPhone Developer";
				COPY_PHASE_STRIP = NO;
				DEBUG_INFORMATION_FORMAT = "dwarf-with-dsym";
				ENABLE_NS_ASSERTIONS = NO;
				ENABLE_STRICT_OBJC_MSGSEND = YES;
				GCC_C_LANGUAGE_STANDARD = gnu99;
				GCC_NO_COMMON_BLOCKS = YES;
				GCC_WARN_64_TO_32_BIT_CONVERSION = YES;
				GCC_WARN_ABOUT_RETURN_TYPE = YES_ERROR;
				GCC_WARN_UNDECLARED_SELECTOR = YES;
				GCC_WARN_UNINITIALIZED_AUTOS = YES_AGGRESSIVE;
				GCC_WARN_UNUSED_FUNCTION = YES;
				GCC_WARN_UNUSED_VARIABLE = YES;
				IPHONEOS_DEPLOYMENT_TARGET = 10.2;
				MTL_ENABLE_DEBUG_INFO = NO;
				SDKROOT = iphoneos;
				SWIFT_OPTIMIZATION_LEVEL = "-Owholemodule";
				TARGETED_DEVICE_FAMILY = "1,2";
				VALIDATE_PRODUCT = YES;
			};
			name = Release;
		};
		3F7DF6781EAE9D6C006CBE9D /* Debug */ = {
			isa = XCBuildConfiguration;
			buildSettings = {
				ASSETCATALOG_COMPILER_APPICON_NAME = AppIcon;
				INFOPLIST_FILE = registration/Info.plist;
				LD_RUNPATH_SEARCH_PATHS = "$(inherited) @executable_path/Frameworks";
				PRODUCT_BUNDLE_IDENTIFIER = com.voting.ssu.registration;
				PRODUCT_NAME = "$(TARGET_NAME)";
				SWIFT_VERSION = 3.0;
			};
			name = Debug;
		};
		3F7DF6791EAE9D6C006CBE9D /* Release */ = {
			isa = XCBuildConfiguration;
			buildSettings = {
				ASSETCATALOG_COMPILER_APPICON_NAME = AppIcon;
				INFOPLIST_FILE = registration/Info.plist;
				LD_RUNPATH_SEARCH_PATHS = "$(inherited) @executable_path/Frameworks";
				PRODUCT_BUNDLE_IDENTIFIER = com.voting.ssu.registration;
				PRODUCT_NAME = "$(TARGET_NAME)";
				SWIFT_VERSION = 3.0;
			};
			name = Release;
		};
		3F7DF67B1EAE9D6C006CBE9D /* Debug */ = {
			isa = XCBuildConfiguration;
			buildSettings = {
				ALWAYS_EMBED_SWIFT_STANDARD_LIBRARIES = YES;
				BUNDLE_LOADER = "$(TEST_HOST)";
				INFOPLIST_FILE = registrationTests/Info.plist;
				LD_RUNPATH_SEARCH_PATHS = "$(inherited) @executable_path/Frameworks @loader_path/Frameworks";
				PRODUCT_BUNDLE_IDENTIFIER = com.voting.ssu.registrationTests;
				PRODUCT_NAME = "$(TARGET_NAME)";
				SWIFT_VERSION = 3.0;
				TEST_HOST = "$(BUILT_PRODUCTS_DIR)/registration.app/registration";
			};
			name = Debug;
		};
		3F7DF67C1EAE9D6C006CBE9D /* Release */ = {
			isa = XCBuildConfiguration;
			buildSettings = {
				ALWAYS_EMBED_SWIFT_STANDARD_LIBRARIES = YES;
				BUNDLE_LOADER = "$(TEST_HOST)";
				INFOPLIST_FILE = registrationTests/Info.plist;
				LD_RUNPATH_SEARCH_PATHS = "$(inherited) @executable_path/Frameworks @loader_path/Frameworks";
				PRODUCT_BUNDLE_IDENTIFIER = com.voting.ssu.registrationTests;
				PRODUCT_NAME = "$(TARGET_NAME)";
				SWIFT_VERSION = 3.0;
				TEST_HOST = "$(BUILT_PRODUCTS_DIR)/registration.app/registration";
			};
			name = Release;
		};
		3F7DF67E1EAE9D6C006CBE9D /* Debug */ = {
			isa = XCBuildConfiguration;
			buildSettings = {
				ALWAYS_EMBED_SWIFT_STANDARD_LIBRARIES = YES;
				INFOPLIST_FILE = registrationUITests/Info.plist;
				LD_RUNPATH_SEARCH_PATHS = "$(inherited) @executable_path/Frameworks @loader_path/Frameworks";
				PRODUCT_BUNDLE_IDENTIFIER = com.voting.ssu.registrationUITests;
				PRODUCT_NAME = "$(TARGET_NAME)";
				SWIFT_VERSION = 3.0;
				TEST_TARGET_NAME = registration;
			};
			name = Debug;
		};
		3F7DF67F1EAE9D6C006CBE9D /* Release */ = {
			isa = XCBuildConfiguration;
			buildSettings = {
				ALWAYS_EMBED_SWIFT_STANDARD_LIBRARIES = YES;
				INFOPLIST_FILE = registrationUITests/Info.plist;
				LD_RUNPATH_SEARCH_PATHS = "$(inherited) @executable_path/Frameworks @loader_path/Frameworks";
				PRODUCT_BUNDLE_IDENTIFIER = com.voting.ssu.registrationUITests;
				PRODUCT_NAME = "$(TARGET_NAME)";
				SWIFT_VERSION = 3.0;
				TEST_TARGET_NAME = registration;
			};
			name = Release;
		};
/* End XCBuildConfiguration section */

/* Begin XCConfigurationList section */
		3F7DF64A1EAE9D6C006CBE9D /* Build configuration list for PBXProject "registration" */ = {
			isa = XCConfigurationList;
			buildConfigurations = (
				3F7DF6751EAE9D6C006CBE9D /* Debug */,
				3F7DF6761EAE9D6C006CBE9D /* Release */,
			);
			defaultConfigurationIsVisible = 0;
			defaultConfigurationName = Release;
		};
		3F7DF6771EAE9D6C006CBE9D /* Build configuration list for PBXNativeTarget "registration" */ = {
			isa = XCConfigurationList;
			buildConfigurations = (
				3F7DF6781EAE9D6C006CBE9D /* Debug */,
				3F7DF6791EAE9D6C006CBE9D /* Release */,
			);
			defaultConfigurationIsVisible = 0;
		};
		3F7DF67A1EAE9D6C006CBE9D /* Build configuration list for PBXNativeTarget "registrationTests" */ = {
			isa = XCConfigurationList;
			buildConfigurations = (
				3F7DF67B1EAE9D6C006CBE9D /* Debug */,
				3F7DF67C1EAE9D6C006CBE9D /* Release */,
			);
			defaultConfigurationIsVisible = 0;
		};
		3F7DF67D1EAE9D6C006CBE9D /* Build configuration list for PBXNativeTarget "registrationUITests" */ = {
			isa = XCConfigurationList;
			buildConfigurations = (
				3F7DF67E1EAE9D6C006CBE9D /* Debug */,
				3F7DF67F1EAE9D6C006CBE9D /* Release */,
			);
			defaultConfigurationIsVisible = 0;
		};
/* End XCConfigurationList section */
	};
	rootObject = 3F7DF6471EAE9D6C006CBE9D /* Project object */;
}
